
Microsoft Visual Studio Solution File, Format Version 12.00
# Visual Studio Version 17
VisualStudioVersion = 17.12.35527.113 d17.12
MinimumVisualStudioVersion = 10.0.40219.1
Project("{FAE04EC0-301F-11D3-BF4B-00C04F79EFBC}") = "oProjeto.Server", "oProjeto.Server\oProjeto.Server.csproj", "{C3852585-F6EC-401A-88CF-2AA6DF39ED03}"
EndProject
Project("{54A90642-561A-4BB1-A94E-469ADEE60C69}") = "oprojeto.client", "oprojeto.client\oprojeto.client.esproj", "{9C385F2D-4FB7-4DE4-BF15-6D290CDB1AEF}"
EndProject
Global
	GlobalSection(SolutionConfigurationPlatforms) = preSolution
		Debug|Any CPU = Debug|Any CPU
		Release|Any CPU = Release|Any CPU
	EndGlobalSection
	GlobalSection(ProjectConfigurationPlatforms) = postSolution
		{C3852585-F6EC-401A-88CF-2AA6DF39ED03}.Debug|Any CPU.ActiveCfg = Debug|Any CPU
		{C3852585-F6EC-401A-88CF-2AA6DF39ED03}.Debug|Any CPU.Build.0 = Debug|Any CPU
		{C3852585-F6EC-401A-88CF-2AA6DF39ED03}.Release|Any CPU.ActiveCfg = Release|Any CPU
		{C3852585-F6EC-401A-88CF-2AA6DF39ED03}.Release|Any CPU.Build.0 = Release|Any CPU
		{9C385F2D-4FB7-4DE4-BF15-6D290CDB1AEF}.Debug|Any CPU.ActiveCfg = Debug|Any CPU
		{9C385F2D-4FB7-4DE4-BF15-6D290CDB1AEF}.Debug|Any CPU.Build.0 = Debug|Any CPU
		{9C385F2D-4FB7-4DE4-BF15-6D290CDB1AEF}.Debug|Any CPU.Deploy.0 = Debug|Any CPU
		{9C385F2D-4FB7-4DE4-BF15-6D290CDB1AEF}.Release|Any CPU.ActiveCfg = Release|Any CPU
		{9C385F2D-4FB7-4DE4-BF15-6D290CDB1AEF}.Release|Any CPU.Build.0 = Release|Any CPU
		{9C385F2D-4FB7-4DE4-BF15-6D290CDB1AEF}.Release|Any CPU.Deploy.0 = Release|Any CPU
	EndGlobalSection
	GlobalSection(SolutionProperties) = preSolution
		HideSolutionNode = FALSE
	EndGlobalSection
EndGlobal
